
Microsoft Visual Studio Solution File, Format Version 12.00
# Visual Studio Version 16
VisualStudioVersion = 16.0.30517.126
MinimumVisualStudioVersion = 10.0.40219.1
Project("{FAE04EC0-301F-11D3-BF4B-00C04F79EFBC}") = "laba2", "laba2\laba2.csproj", "{A84D5A80-1C03-4DB9-982D-37115F172EDF}"
EndProject
Global
	GlobalSection(SolutionConfigurationPlatforms) = preSolution
		Debug|Any CPU = Debug|Any CPU
		Release|Any CPU = Release|Any CPU
	EndGlobalSection
	GlobalSection(ProjectConfigurationPlatforms) = postSolution
		{A84D5A80-1C03-4DB9-982D-37115F172EDF}.Debug|Any CPU.ActiveCfg = Debug|Any CPU
		{A84D5A80-1C03-4DB9-982D-37115F172EDF}.Debug|Any CPU.Build.0 = Debug|Any CPU
		{A84D5A80-1C03-4DB9-982D-37115F172EDF}.Release|Any CPU.ActiveCfg = Release|Any CPU
		{A84D5A80-1C03-4DB9-982D-37115F172EDF}.Release|Any CPU.Build.0 = Release|Any CPU
	EndGlobalSection
	GlobalSection(SolutionProperties) = preSolution
		HideSolutionNode = FALSE
	EndGlobalSection
	GlobalSection(ExtensibilityGlobals) = postSolution
		SolutionGuid = {0396597F-7B8F-40F4-928B-771ED2479E9E}
	EndGlobalSection
EndGlobal
